// !$*UTF8*$!
{
	archiveVersion = 1;
	classes = {
	};
	objectVersion = 46;
	objects = {

/* Begin PBXAggregateTarget section */
		27E9CF94175E4A3600BD6205 /* TEMPLATE */ = {
			isa = PBXAggregateTarget;
			buildConfigurationList = 27E9CF97175E4A3600BD6205 /* Build configuration list for PBXAggregateTarget "TEMPLATE" */;
			buildPhases = (
				2747DCAE17B6EC13009630D1 /* ShellScript */,
			);
			dependencies = (
				27E9CF99175E4A4200BD6205 /* PBXTargetDependency */,
				27E9CF9B175E4A4200BD6205 /* PBXTargetDependency */,
				27E9CF9D175E4A4200BD6205 /* PBXTargetDependency */,
				27E9CF9F175E4A4200BD6205 /* PBXTargetDependency */,
				27E9CFA1175E4A4200BD6205 /* PBXTargetDependency */,
			);
			name = TEMPLATE;
			productName = TEMPLATE;
		};
/* End PBXAggregateTarget section */

/* Begin PBXContainerItemProxy section */
		27E9CF98175E4A4200BD6205 /* PBXContainerItemProxy */ = {
			isa = PBXContainerItemProxy;
			containerPortal = 27A43A7315CDCC1B001CB13E /* Project object */;
			proxyType = 1;
			remoteGlobalIDString = 27A43AB315CDCC89001CB13E;
			remoteInfo = "TEMPLATE-iOS-ARC";
		};
		27E9CF9A175E4A4200BD6205 /* PBXContainerItemProxy */ = {
			isa = PBXContainerItemProxy;
			containerPortal = 27A43A7315CDCC1B001CB13E /* Project object */;
			proxyType = 1;
			remoteGlobalIDString = 27048B70161CB58600C38ADA;
			remoteInfo = "TEMPLATE-OSX-32-MRC";
		};
		27E9CF9C175E4A4200BD6205 /* PBXContainerItemProxy */ = {
			isa = PBXContainerItemProxy;
			containerPortal = 27A43A7315CDCC1B001CB13E /* Project object */;
			proxyType = 1;
			remoteGlobalIDString = 27A43AC315CDCCCB001CB13E;
			remoteInfo = "TEMPLATE-OSX-64-MRC";
		};
		27E9CF9E175E4A4200BD6205 /* PBXContainerItemProxy */ = {
			isa = PBXContainerItemProxy;
			containerPortal = 27A43A7315CDCC1B001CB13E /* Project object */;
			proxyType = 1;
			remoteGlobalIDString = 273148B9165328400027850D;
			remoteInfo = "TEMPLATE-OSX-64-ARC";
		};
		27E9CFA0175E4A4200BD6205 /* PBXContainerItemProxy */ = {
			isa = PBXContainerItemProxy;
			containerPortal = 27A43A7315CDCC1B001CB13E /* Project object */;
			proxyType = 1;
			remoteGlobalIDString = 27CBBE2916768BA600753D0A;
			remoteInfo = "TEMPLATE-OSX-Universal-MRC";
		};
/* End PBXContainerItemProxy section */

/* Begin PBXFileReference section */
		27048EF0161CB58600C38ADA /* lib.a */ = {isa = PBXFileReference; explicitFileType = archive.ar; includeInIndex = 0; path = lib.a; sourceTree = BUILT_PRODUCTS_DIR; };
		27314C79165328400027850D /* lib.a */ = {isa = PBXFileReference; explicitFileType = archive.ar; includeInIndex = 0; path = lib.a; sourceTree = BUILT_PRODUCTS_DIR; };
		27A43AB415CDCC89001CB13E /* lib.a */ = {isa = PBXFileReference; explicitFileType = archive.ar; includeInIndex = 0; path = lib.a; sourceTree = BUILT_PRODUCTS_DIR; };
		27A43AC415CDCCCB001CB13E /* lib.a */ = {isa = PBXFileReference; explicitFileType = archive.ar; includeInIndex = 0; path = lib.a; sourceTree = BUILT_PRODUCTS_DIR; };
		27C62DCC170B537B0093F260 /* TEMPLATETargetSettings-OSX-32-MRC.xcconfig */ = {isa = PBXFileReference; lastKnownFileType = text.xcconfig; path = "TEMPLATETargetSettings-OSX-32-MRC.xcconfig"; sourceTree = "<group>"; };
		27C62DCD170B537B0093F260 /* SharedTargetSettings.xcconfig */ = {isa = PBXFileReference; lastKnownFileType = text.xcconfig; path = SharedTargetSettings.xcconfig; sourceTree = "<group>"; };
		27C62DCE170B537B0093F260 /* TEMPLATETargetSettings-OSX-Universal-MRC.xcconfig */ = {isa = PBXFileReference; lastKnownFileType = text.xcconfig; path = "TEMPLATETargetSettings-OSX-Universal-MRC.xcconfig"; sourceTree = "<group>"; };
		27C62DCF170B537B0093F260 /* TEMPLATETargetSettings-OSX-64-ARC.xcconfig */ = {isa = PBXFileReference; lastKnownFileType = text.xcconfig; path = "TEMPLATETargetSettings-OSX-64-ARC.xcconfig"; sourceTree = "<group>"; };
		27C62DD0170B537B0093F260 /* TEMPLATETargetSettings-OSX-64-MRC.xcconfig */ = {isa = PBXFileReference; lastKnownFileType = text.xcconfig; path = "TEMPLATETargetSettings-OSX-64-MRC.xcconfig"; sourceTree = "<group>"; };
		27C62DD1170B537B0093F260 /* TEMPLATETargetSettings-OSX-iOS-ARC.xcconfig */ = {isa = PBXFileReference; lastKnownFileType = text.xcconfig; path = "TEMPLATETargetSettings-OSX-iOS-ARC.xcconfig"; sourceTree = "<group>"; };
		27C7A8A717B6CF2800A83CE2 /* ProjectSettingsDebug.xcconfig */ = {isa = PBXFileReference; lastKnownFileType = text.xcconfig; path = ProjectSettingsDebug.xcconfig; sourceTree = "<group>"; };
		27C7A8A817B6CF2800A83CE2 /* ProjectSettingsRelease.xcconfig */ = {isa = PBXFileReference; lastKnownFileType = text.xcconfig; path = ProjectSettingsRelease.xcconfig; sourceTree = "<group>"; };
		27CBC1F416768BA600753D0A /* lib.a */ = {isa = PBXFileReference; explicitFileType = archive.ar; includeInIndex = 0; path = lib.a; sourceTree = BUILT_PRODUCTS_DIR; };
/* End PBXFileReference section */

/* Begin PBXFrameworksBuildPhase section */
		27048D0F161CB58600C38ADA /* Frameworks */ = {
			isa = PBXFrameworksBuildPhase;
			buildActionMask = 2147483647;
			files = (
			);
			runOnlyForDeploymentPostprocessing = 0;
		};
		27314A76165328400027850D /* Frameworks */ = {
			isa = PBXFrameworksBuildPhase;
			buildActionMask = 2147483647;
			files = (
			);
			runOnlyForDeploymentPostprocessing = 0;
		};
		27A43AB115CDCC89001CB13E /* Frameworks */ = {
			isa = PBXFrameworksBuildPhase;
			buildActionMask = 2147483647;
			files = (
			);
			runOnlyForDeploymentPostprocessing = 0;
		};
		27A43AC115CDCCCB001CB13E /* Frameworks */ = {
			isa = PBXFrameworksBuildPhase;
			buildActionMask = 2147483647;
			files = (
			);
			runOnlyForDeploymentPostprocessing = 0;
		};
		27CBBFEC16768BA600753D0A /* Frameworks */ = {
			isa = PBXFrameworksBuildPhase;
			buildActionMask = 2147483647;
			files = (
			);
			runOnlyForDeploymentPostprocessing = 0;
		};
/* End PBXFrameworksBuildPhase section */

/* Begin PBXGroup section */
		2731477B1652D2D30027850D /* Supporting Files */ = {
			isa = PBXGroup;
			children = (
				27C7A8A717B6CF2800A83CE2 /* ProjectSettingsDebug.xcconfig */,
				27C7A8A817B6CF2800A83CE2 /* ProjectSettingsRelease.xcconfig */,
				27C62DCB170B537B0093F260 /* TEMPLATE */,
			);
			name = "Supporting Files";
			sourceTree = "<group>";
		};
		27A43A7115CDCC1B001CB13E = {
			isa = PBXGroup;
			children = (
				2731477B1652D2D30027850D /* Supporting Files */,
				27A43A7E15CDCC1B001CB13E /* Frameworks */,
				27A43A7D15CDCC1B001CB13E /* Products */,
			);
			sourceTree = "<group>";
		};
		27A43A7D15CDCC1B001CB13E /* Products */ = {
			isa = PBXGroup;
			children = (
				27A43AB415CDCC89001CB13E /* lib.a */,
				27A43AC415CDCCCB001CB13E /* lib.a */,
				27048EF0161CB58600C38ADA /* lib.a */,
				27314C79165328400027850D /* lib.a */,
				27CBC1F416768BA600753D0A /* lib.a */,
			);
			name = Products;
			sourceTree = "<group>";
		};
		27A43A7E15CDCC1B001CB13E /* Frameworks */ = {
			isa = PBXGroup;
			children = (
			);
			name = Frameworks;
			sourceTree = "<group>";
		};
		27C62DCB170B537B0093F260 /* TEMPLATE */ = {
			isa = PBXGroup;
			children = (
				27C62DCC170B537B0093F260 /* TEMPLATETargetSettings-OSX-32-MRC.xcconfig */,
				27C62DCD170B537B0093F260 /* SharedTargetSettings.xcconfig */,
				27C62DCE170B537B0093F260 /* TEMPLATETargetSettings-OSX-Universal-MRC.xcconfig */,
				27C62DCF170B537B0093F260 /* TEMPLATETargetSettings-OSX-64-ARC.xcconfig */,
				27C62DD0170B537B0093F260 /* TEMPLATETargetSettings-OSX-64-MRC.xcconfig */,
				27C62DD1170B537B0093F260 /* TEMPLATETargetSettings-OSX-iOS-ARC.xcconfig */,
			);
			path = TEMPLATE;
			sourceTree = "<group>";
		};
/* End PBXGroup section */

/* Begin PBXHeadersBuildPhase section */
		27048D11161CB58600C38ADA /* Headers */ = {
			isa = PBXHeadersBuildPhase;
			buildActionMask = 2147483647;
			files = (
			);
			runOnlyForDeploymentPostprocessing = 0;
		};
		27314A78165328400027850D /* Headers */ = {
			isa = PBXHeadersBuildPhase;
			buildActionMask = 2147483647;
			files = (
			);
			runOnlyForDeploymentPostprocessing = 0;
		};
		27A43AC215CDCCCB001CB13E /* Headers */ = {
			isa = PBXHeadersBuildPhase;
			buildActionMask = 2147483647;
			files = (
			);
			runOnlyForDeploymentPostprocessing = 0;
		};
		27CBBFED16768BA600753D0A /* Headers */ = {
			isa = PBXHeadersBuildPhase;
			buildActionMask = 2147483647;
			files = (
			);
			runOnlyForDeploymentPostprocessing = 0;
		};
/* End PBXHeadersBuildPhase section */

/* Begin PBXNativeTarget section */
		27048B70161CB58600C38ADA /* TEMPLATE-OSX-32-MRC */ = {
			isa = PBXNativeTarget;
			buildConfigurationList = 27048EEB161CB58600C38ADA /* Build configuration list for PBXNativeTarget "TEMPLATE-OSX-32-MRC" */;
			buildPhases = (
				27048B71161CB58600C38ADA /* Sources */,
				27048D0F161CB58600C38ADA /* Frameworks */,
				27048D11161CB58600C38ADA /* Headers */,
			);
			buildRules = (
			);
			dependencies = (
			);
			name = "TEMPLATE-OSX-32-MRC";
			productName = FishLampCocoaApp;
			productReference = 27048EF0161CB58600C38ADA /* lib.a */;
			productType = "com.apple.product-type.library.static";
		};
		273148B9165328400027850D /* TEMPLATE-OSX-64-ARC */ = {
			isa = PBXNativeTarget;
			buildConfigurationList = 27314C75165328400027850D /* Build configuration list for PBXNativeTarget "TEMPLATE-OSX-64-ARC" */;
			buildPhases = (
				273148BA165328400027850D /* Sources */,
				27314A76165328400027850D /* Frameworks */,
				27314A78165328400027850D /* Headers */,
			);
			buildRules = (
			);
			dependencies = (
			);
			name = "TEMPLATE-OSX-64-ARC";
			productName = FishLampCommandLine;
			productReference = 27314C79165328400027850D /* lib.a */;
			productType = "com.apple.product-type.library.static";
		};
		27A43AB315CDCC89001CB13E /* TEMPLATE-iOS-ARC */ = {
			isa = PBXNativeTarget;
			buildConfigurationList = 27A43ABD15CDCC89001CB13E /* Build configuration list for PBXNativeTarget "TEMPLATE-iOS-ARC" */;
			buildPhases = (
				27A43AB015CDCC89001CB13E /* Sources */,
				27A43AB115CDCC89001CB13E /* Frameworks */,
			);
			buildRules = (
			);
			dependencies = (
			);
			name = "TEMPLATE-iOS-ARC";
			productName = FishLampiOS;
			productReference = 27A43AB415CDCC89001CB13E /* lib.a */;
			productType = "com.apple.product-type.library.static";
		};
		27A43AC315CDCCCB001CB13E /* TEMPLATE-OSX-64-MRC */ = {
			isa = PBXNativeTarget;
			buildConfigurationList = 27A43ACC15CDCCCB001CB13E /* Build configuration list for PBXNativeTarget "TEMPLATE-OSX-64-MRC" */;
			buildPhases = (
				27A43AC015CDCCCB001CB13E /* Sources */,
				27A43AC115CDCCCB001CB13E /* Frameworks */,
				27A43AC215CDCCCB001CB13E /* Headers */,
			);
			buildRules = (
			);
			dependencies = (
			);
			name = "TEMPLATE-OSX-64-MRC";
			productName = FishLampCommandLine;
			productReference = 27A43AC415CDCCCB001CB13E /* lib.a */;
			productType = "com.apple.product-type.library.static";
		};
		27CBBE2916768BA600753D0A /* TEMPLATE-OSX-Universal-MRC */ = {
			isa = PBXNativeTarget;
			buildConfigurationList = 27CBC1F116768BA600753D0A /* Build configuration list for PBXNativeTarget "TEMPLATE-OSX-Universal-MRC" */;
			buildPhases = (
				27CBBE2A16768BA600753D0A /* Sources */,
				27CBBFEC16768BA600753D0A /* Frameworks */,
				27CBBFED16768BA600753D0A /* Headers */,
			);
			buildRules = (
			);
			dependencies = (
			);
			name = "TEMPLATE-OSX-Universal-MRC";
			productName = FishLampCommandLine;
			productReference = 27CBC1F416768BA600753D0A /* lib.a */;
			productType = "com.apple.product-type.library.static";
		};
/* End PBXNativeTarget section */

/* Begin PBXProject section */
		27A43A7315CDCC1B001CB13E /* Project object */ = {
			isa = PBXProject;
			attributes = {
				LastUpgradeCheck = 0450;
				ORGANIZATIONNAME = "Mike Fullerton";
			};
			buildConfigurationList = 27A43A7615CDCC1B001CB13E /* Build configuration list for PBXProject "TEMPLATE" */;
			compatibilityVersion = "Xcode 3.2";
			developmentRegion = English;
			hasScannedForEncodings = 0;
			knownRegions = (
				en,
				English,
			);
			mainGroup = 27A43A7115CDCC1B001CB13E;
			productRefGroup = 27A43A7D15CDCC1B001CB13E /* Products */;
			projectDirPath = "";
			projectRoot = "";
			targets = (
				27A43AB315CDCC89001CB13E /* TEMPLATE-iOS-ARC */,
				27048B70161CB58600C38ADA /* TEMPLATE-OSX-32-MRC */,
				27A43AC315CDCCCB001CB13E /* TEMPLATE-OSX-64-MRC */,
				273148B9165328400027850D /* TEMPLATE-OSX-64-ARC */,
				27CBBE2916768BA600753D0A /* TEMPLATE-OSX-Universal-MRC */,
				27E9CF94175E4A3600BD6205 /* TEMPLATE */,
			);
		};
/* End PBXProject section */

/* Begin PBXShellScriptBuildPhase section */
		2747DCAE17B6EC13009630D1 /* ShellScript */ = {
			isa = PBXShellScriptBuildPhase;
			buildActionMask = 2147483647;
			files = (
			);
			inputPaths = (
			);
			outputPaths = (
			);
			runOnlyForDeploymentPostprocessing = 0;
			shellPath = /bin/sh;
			shellScript = "bash \"$PROJECT_DIR/FishLampXcodeConfigs/install-headers.sh\" \"$BUILT_PRODUCTS_DIR\" \"$PRODUCT_NAME\" \"$PROJECT_DIR\"\n";
			showEnvVarsInLog = 0;
		};
/* End PBXShellScriptBuildPhase section */

/* Begin PBXSourcesBuildPhase section */
		27048B71161CB58600C38ADA /* Sources */ = {
			isa = PBXSourcesBuildPhase;
			buildActionMask = 2147483647;
			files = (
			);
			runOnlyForDeploymentPostprocessing = 0;
		};
		273148BA165328400027850D /* Sources */ = {
			isa = PBXSourcesBuildPhase;
			buildActionMask = 2147483647;
			files = (
			);
			runOnlyForDeploymentPostprocessing = 0;
		};
		27A43AB015CDCC89001CB13E /* Sources */ = {
			isa = PBXSourcesBuildPhase;
			buildActionMask = 2147483647;
			files = (
			);
			runOnlyForDeploymentPostprocessing = 0;
		};
		27A43AC015CDCCCB001CB13E /* Sources */ = {
			isa = PBXSourcesBuildPhase;
			buildActionMask = 2147483647;
			files = (
			);
			runOnlyForDeploymentPostprocessing = 0;
		};
		27CBBE2A16768BA600753D0A /* Sources */ = {
			isa = PBXSourcesBuildPhase;
			buildActionMask = 2147483647;
			files = (
			);
			runOnlyForDeploymentPostprocessing = 0;
		};
/* End PBXSourcesBuildPhase section */

/* Begin PBXTargetDependency section */
		27E9CF99175E4A4200BD6205 /* PBXTargetDependency */ = {
			isa = PBXTargetDependency;
			target = 27A43AB315CDCC89001CB13E /* TEMPLATE-iOS-ARC */;
			targetProxy = 27E9CF98175E4A4200BD6205 /* PBXContainerItemProxy */;
		};
		27E9CF9B175E4A4200BD6205 /* PBXTargetDependency */ = {
			isa = PBXTargetDependency;
			target = 27048B70161CB58600C38ADA /* TEMPLATE-OSX-32-MRC */;
			targetProxy = 27E9CF9A175E4A4200BD6205 /* PBXContainerItemProxy */;
		};
		27E9CF9D175E4A4200BD6205 /* PBXTargetDependency */ = {
			isa = PBXTargetDependency;
			target = 27A43AC315CDCCCB001CB13E /* TEMPLATE-OSX-64-MRC */;
			targetProxy = 27E9CF9C175E4A4200BD6205 /* PBXContainerItemProxy */;
		};
		27E9CF9F175E4A4200BD6205 /* PBXTargetDependency */ = {
			isa = PBXTargetDependency;
			target = 273148B9165328400027850D /* TEMPLATE-OSX-64-ARC */;
			targetProxy = 27E9CF9E175E4A4200BD6205 /* PBXContainerItemProxy */;
		};
		27E9CFA1175E4A4200BD6205 /* PBXTargetDependency */ = {
			isa = PBXTargetDependency;
			target = 27CBBE2916768BA600753D0A /* TEMPLATE-OSX-Universal-MRC */;
			targetProxy = 27E9CFA0175E4A4200BD6205 /* PBXContainerItemProxy */;
		};
/* End PBXTargetDependency section */

/* Begin XCBuildConfiguration section */
		27048EEC161CB58600C38ADA /* Debug */ = {
			isa = XCBuildConfiguration;
			baseConfigurationReference = 27C62DCC170B537B0093F260 /* TEMPLATETargetSettings-OSX-32-MRC.xcconfig */;
			buildSettings = {
			};
			name = Debug;
		};
		27048EEE161CB58600C38ADA /* Release */ = {
			isa = XCBuildConfiguration;
			baseConfigurationReference = 27C62DCC170B537B0093F260 /* TEMPLATETargetSettings-OSX-32-MRC.xcconfig */;
			buildSettings = {
			};
			name = Release;
		};
		27314C76165328400027850D /* Debug */ = {
			isa = XCBuildConfiguration;
			baseConfigurationReference = 27C62DCF170B537B0093F260 /* TEMPLATETargetSettings-OSX-64-ARC.xcconfig */;
			buildSettings = {
			};
			name = Debug;
		};
		27314C77165328400027850D /* Release */ = {
			isa = XCBuildConfiguration;
			baseConfigurationReference = 27C62DCF170B537B0093F260 /* TEMPLATETargetSettings-OSX-64-ARC.xcconfig */;
			buildSettings = {
			};
			name = Release;
		};
		27A43A8B15CDCC1B001CB13E /* Debug */ = {
			isa = XCBuildConfiguration;
			baseConfigurationReference = 27C7A8A717B6CF2800A83CE2 /* ProjectSettingsDebug.xcconfig */;
			buildSettings = {
				MACH_O_TYPE = staticlib;
			};
			name = Debug;
		};
		27A43A8C15CDCC1B001CB13E /* Release */ = {
			isa = XCBuildConfiguration;
			baseConfigurationReference = 27C7A8A817B6CF2800A83CE2 /* ProjectSettingsRelease.xcconfig */;
			buildSettings = {
				MACH_O_TYPE = staticlib;
			};
			name = Release;
		};
		27A43ABE15CDCC89001CB13E /* Debug */ = {
			isa = XCBuildConfiguration;
			baseConfigurationReference = 27C62DD1170B537B0093F260 /* TEMPLATETargetSettings-OSX-iOS-ARC.xcconfig */;
			buildSettings = {
			};
			name = Debug;
		};
		27A43ABF15CDCC89001CB13E /* Release */ = {
			isa = XCBuildConfiguration;
			baseConfigurationReference = 27C62DD1170B537B0093F260 /* TEMPLATETargetSettings-OSX-iOS-ARC.xcconfig */;
			buildSettings = {
			};
			name = Release;
		};
		27A43ACD15CDCCCB001CB13E /* Debug */ = {
			isa = XCBuildConfiguration;
			baseConfigurationReference = 27C62DD0170B537B0093F260 /* TEMPLATETargetSettings-OSX-64-MRC.xcconfig */;
			buildSettings = {
			};
			name = Debug;
		};
		27A43ACE15CDCCCB001CB13E /* Release */ = {
			isa = XCBuildConfiguration;
			baseConfigurationReference = 27C62DD0170B537B0093F260 /* TEMPLATETargetSettings-OSX-64-MRC.xcconfig */;
			buildSettings = {
			};
			name = Release;
		};
		27CBC1F216768BA600753D0A /* Debug */ = {
			isa = XCBuildConfiguration;
			baseConfigurationReference = 27C62DCE170B537B0093F260 /* TEMPLATETargetSettings-OSX-Universal-MRC.xcconfig */;
			buildSettings = {
			};
			name = Debug;
		};
		27CBC1F316768BA600753D0A /* Release */ = {
			isa = XCBuildConfiguration;
			baseConfigurationReference = 27C62DCE170B537B0093F260 /* TEMPLATETargetSettings-OSX-Universal-MRC.xcconfig */;
			buildSettings = {
			};
			name = Release;
		};
		27E9CF95175E4A3600BD6205 /* Debug */ = {
			isa = XCBuildConfiguration;
			buildSettings = {
				PRODUCT_NAME = "$(TARGET_NAME)";
			};
			name = Debug;
		};
		27E9CF96175E4A3600BD6205 /* Release */ = {
			isa = XCBuildConfiguration;
			buildSettings = {
				PRODUCT_NAME = "$(TARGET_NAME)";
			};
			name = Release;
		};
/* End XCBuildConfiguration section */

/* Begin XCConfigurationList section */
		27048EEB161CB58600C38ADA /* Build configuration list for PBXNativeTarget "TEMPLATE-OSX-32-MRC" */ = {
			isa = XCConfigurationList;
			buildConfigurations = (
				27048EEC161CB58600C38ADA /* Debug */,
				27048EEE161CB58600C38ADA /* Release */,
			);
			defaultConfigurationIsVisible = 0;
			defaultConfigurationName = Release;
		};
		27314C75165328400027850D /* Build configuration list for PBXNativeTarget "TEMPLATE-OSX-64-ARC" */ = {
			isa = XCConfigurationList;
			buildConfigurations = (
				27314C76165328400027850D /* Debug */,
				27314C77165328400027850D /* Release */,
			);
			defaultConfigurationIsVisible = 0;
			defaultConfigurationName = Release;
		};
		27A43A7615CDCC1B001CB13E /* Build configuration list for PBXProject "TEMPLATE" */ = {
			isa = XCConfigurationList;
			buildConfigurations = (
				27A43A8B15CDCC1B001CB13E /* Debug */,
				27A43A8C15CDCC1B001CB13E /* Release */,
			);
			defaultConfigurationIsVisible = 0;
			defaultConfigurationName = Release;
		};
		27A43ABD15CDCC89001CB13E /* Build configuration list for PBXNativeTarget "TEMPLATE-iOS-ARC" */ = {
			isa = XCConfigurationList;
			buildConfigurations = (
				27A43ABE15CDCC89001CB13E /* Debug */,
				27A43ABF15CDCC89001CB13E /* Release */,
			);
			defaultConfigurationIsVisible = 0;
			defaultConfigurationName = Release;
		};
		27A43ACC15CDCCCB001CB13E /* Build configuration list for PBXNativeTarget "TEMPLATE-OSX-64-MRC" */ = {
			isa = XCConfigurationList;
			buildConfigurations = (
				27A43ACD15CDCCCB001CB13E /* Debug */,
				27A43ACE15CDCCCB001CB13E /* Release */,
			);
			defaultConfigurationIsVisible = 0;
			defaultConfigurationName = Release;
		};
		27CBC1F116768BA600753D0A /* Build configuration list for PBXNativeTarget "TEMPLATE-OSX-Universal-MRC" */ = {
			isa = XCConfigurationList;
			buildConfigurations = (
				27CBC1F216768BA600753D0A /* Debug */,
				27CBC1F316768BA600753D0A /* Release */,
			);
			defaultConfigurationIsVisible = 0;
			defaultConfigurationName = Release;
		};
		27E9CF97175E4A3600BD6205 /* Build configuration list for PBXAggregateTarget "TEMPLATE" */ = {
			isa = XCConfigurationList;
			buildConfigurations = (
				27E9CF95175E4A3600BD6205 /* Debug */,
				27E9CF96175E4A3600BD6205 /* Release */,
			);
			defaultConfigurationIsVisible = 0;
			defaultConfigurationName = Release;
		};
/* End XCConfigurationList section */
	};
	rootObject = 27A43A7315CDCC1B001CB13E /* Project object */;
}
