// !$*UTF8*$!
{
	archiveVersion = 1;
	classes = {
	};
	objectVersion = 46;
	objects = {

/* Begin PBXBuildFile section */
		2751FDEF18723D3600D437BA /* main.m in Sources */ = {isa = PBXBuildFile; fileRef = 2751FDEC18723D3600D437BA /* main.m */; };
		27BDE36B187211BF00FAF408 /* Foundation.framework in Frameworks */ = {isa = PBXBuildFile; fileRef = 27BDE36A187211BF00FAF408 /* Foundation.framework */; };
		27BDE3791872242900FAF408 /* CoreServices.framework in Frameworks */ = {isa = PBXBuildFile; fileRef = 27BDE3781872242900FAF408 /* CoreServices.framework */; };
/* End PBXBuildFile section */

/* Begin PBXCopyFilesBuildPhase section */
		27BDE365187211BF00FAF408 /* CopyFiles */ = {
			isa = PBXCopyFilesBuildPhase;
			buildActionMask = 2147483647;
			dstPath = /usr/share/man/man1/;
			dstSubfolderSpec = 0;
			files = (
			);
			runOnlyForDeploymentPostprocessing = 1;
		};
/* End PBXCopyFilesBuildPhase section */

/* Begin PBXFileReference section */
		2751FDEC18723D3600D437BA /* main.m */ = {isa = PBXFileReference; fileEncoding = 4; lastKnownFileType = sourcecode.c.objc; path = main.m; sourceTree = "<group>"; };
		2751FDED18723D3600D437BA /* NewProject.1 */ = {isa = PBXFileReference; fileEncoding = 4; lastKnownFileType = text.man; path = NewProject.1; sourceTree = "<group>"; };
		2751FDEE18723D3600D437BA /* NewProjectTool-Prefix.pch */ = {isa = PBXFileReference; fileEncoding = 4; lastKnownFileType = sourcecode.c.h; path = "NewProjectTool-Prefix.pch"; sourceTree = "<group>"; };
		279B52E818723938003E866A /* XCTest.framework */ = {isa = PBXFileReference; lastKnownFileType = wrapper.framework; name = XCTest.framework; path = Library/Frameworks/XCTest.framework; sourceTree = DEVELOPER_DIR; };
		279B52EB18723938003E866A /* UIKit.framework */ = {isa = PBXFileReference; lastKnownFileType = wrapper.framework; name = UIKit.framework; path = Library/Frameworks/UIKit.framework; sourceTree = DEVELOPER_DIR; };
		27BDE367187211BF00FAF408 /* NewProject */ = {isa = PBXFileReference; explicitFileType = "compiled.mach-o.executable"; includeInIndex = 0; path = NewProject; sourceTree = BUILT_PRODUCTS_DIR; };
		27BDE36A187211BF00FAF408 /* Foundation.framework */ = {isa = PBXFileReference; lastKnownFileType = wrapper.framework; name = Foundation.framework; path = System/Library/Frameworks/Foundation.framework; sourceTree = SDKROOT; };
		27BDE3781872242900FAF408 /* CoreServices.framework */ = {isa = PBXFileReference; lastKnownFileType = wrapper.framework; name = CoreServices.framework; path = System/Library/Frameworks/CoreServices.framework; sourceTree = SDKROOT; };
/* End PBXFileReference section */

/* Begin PBXFrameworksBuildPhase section */
		27BDE364187211BF00FAF408 /* Frameworks */ = {
			isa = PBXFrameworksBuildPhase;
			buildActionMask = 2147483647;
			files = (
				27BDE3791872242900FAF408 /* CoreServices.framework in Frameworks */,
				27BDE36B187211BF00FAF408 /* Foundation.framework in Frameworks */,
			);
			runOnlyForDeploymentPostprocessing = 0;
		};
/* End PBXFrameworksBuildPhase section */

/* Begin PBXGroup section */
		2751FDEB18723D3600D437BA /* NewProjectTool */ = {
			isa = PBXGroup;
			children = (
				2751FDEC18723D3600D437BA /* main.m */,
				2751FDED18723D3600D437BA /* NewProject.1 */,
				2751FDEE18723D3600D437BA /* NewProjectTool-Prefix.pch */,
			);
			path = NewProjectTool;
			sourceTree = "<group>";
		};
		27BDE35E187211BF00FAF408 = {
			isa = PBXGroup;
			children = (
				2751FDEB18723D3600D437BA /* NewProjectTool */,
				27BDE369187211BF00FAF408 /* Frameworks */,
				27BDE368187211BF00FAF408 /* Products */,
			);
			sourceTree = "<group>";
		};
		27BDE368187211BF00FAF408 /* Products */ = {
			isa = PBXGroup;
			children = (
				27BDE367187211BF00FAF408 /* NewProject */,
			);
			name = Products;
			sourceTree = "<group>";
		};
		27BDE369187211BF00FAF408 /* Frameworks */ = {
			isa = PBXGroup;
			children = (
				27BDE3781872242900FAF408 /* CoreServices.framework */,
				27BDE36A187211BF00FAF408 /* Foundation.framework */,
				279B52E818723938003E866A /* XCTest.framework */,
				279B52EB18723938003E866A /* UIKit.framework */,
			);
			name = Frameworks;
			sourceTree = "<group>";
		};
/* End PBXGroup section */

/* Begin PBXNativeTarget section */
		27BDE366187211BF00FAF408 /* NewProjectTool */ = {
			isa = PBXNativeTarget;
			buildConfigurationList = 27BDE375187211BF00FAF408 /* Build configuration list for PBXNativeTarget "NewProjectTool" */;
			buildPhases = (
				27BDE363187211BF00FAF408 /* Sources */,
				27BDE364187211BF00FAF408 /* Frameworks */,
				27BDE365187211BF00FAF408 /* CopyFiles */,
			);
			buildRules = (
			);
			dependencies = (
			);
			name = NewProjectTool;
			productName = NewProject;
			productReference = 27BDE367187211BF00FAF408 /* NewProject */;
			productType = "com.apple.product-type.tool";
		};
/* End PBXNativeTarget section */

/* Begin PBXProject section */
		27BDE35F187211BF00FAF408 /* Project object */ = {
			isa = PBXProject;
			attributes = {
				LastUpgradeCheck = 0500;
				ORGANIZATIONNAME = FishLamp;
			};
			buildConfigurationList = 27BDE362187211BF00FAF408 /* Build configuration list for PBXProject "NewProjectTool" */;
			compatibilityVersion = "Xcode 3.2";
			developmentRegion = English;
			hasScannedForEncodings = 0;
			knownRegions = (
				en,
			);
			mainGroup = 27BDE35E187211BF00FAF408;
			productRefGroup = 27BDE368187211BF00FAF408 /* Products */;
			projectDirPath = "";
			projectRoot = "";
			targets = (
				27BDE366187211BF00FAF408 /* NewProjectTool */,
			);
		};
/* End PBXProject section */

/* Begin PBXSourcesBuildPhase section */
		27BDE363187211BF00FAF408 /* Sources */ = {
			isa = PBXSourcesBuildPhase;
			buildActionMask = 2147483647;
			files = (
				2751FDEF18723D3600D437BA /* main.m in Sources */,
			);
			runOnlyForDeploymentPostprocessing = 0;
		};
/* End PBXSourcesBuildPhase section */

/* Begin XCBuildConfiguration section */
		27BDE373187211BF00FAF408 /* Debug */ = {
			isa = XCBuildConfiguration;
			buildSettings = {
				ALWAYS_SEARCH_USER_PATHS = NO;
				CLANG_CXX_LANGUAGE_STANDARD = "gnu++0x";
				CLANG_CXX_LIBRARY = "libc++";
				CLANG_ENABLE_OBJC_ARC = YES;
				CLANG_WARN_BOOL_CONVERSION = YES;
				CLANG_WARN_CONSTANT_CONVERSION = YES;
				CLANG_WARN_DIRECT_OBJC_ISA_USAGE = YES_ERROR;
				CLANG_WARN_EMPTY_BODY = YES;
				CLANG_WARN_ENUM_CONVERSION = YES;
				CLANG_WARN_INT_CONVERSION = YES;
				CLANG_WARN_OBJC_ROOT_CLASS = YES_ERROR;
				CLANG_WARN__DUPLICATE_METHOD_MATCH = YES;
				COPY_PHASE_STRIP = NO;
				GCC_C_LANGUAGE_STANDARD = gnu99;
				GCC_DYNAMIC_NO_PIC = NO;
				GCC_ENABLE_OBJC_EXCEPTIONS = YES;
				GCC_OPTIMIZATION_LEVEL = 0;
				GCC_PREPROCESSOR_DEFINITIONS = (
					"DEBUG=1",
					"$(inherited)",
				);
				GCC_SYMBOLS_PRIVATE_EXTERN = NO;
				GCC_WARN_64_TO_32_BIT_CONVERSION = YES;
				GCC_WARN_ABOUT_RETURN_TYPE = YES_ERROR;
				GCC_WARN_UNDECLARED_SELECTOR = YES;
				GCC_WARN_UNINITIALIZED_AUTOS = YES;
				GCC_WARN_UNUSED_FUNCTION = YES;
				GCC_WARN_UNUSED_VARIABLE = YES;
				MACOSX_DEPLOYMENT_TARGET = 10.9;
				ONLY_ACTIVE_ARCH = YES;
				SDKROOT = macosx;
			};
			name = Debug;
		};
		27BDE374187211BF00FAF408 /* Release */ = {
			isa = XCBuildConfiguration;
			buildSettings = {
				ALWAYS_SEARCH_USER_PATHS = NO;
				CLANG_CXX_LANGUAGE_STANDARD = "gnu++0x";
				CLANG_CXX_LIBRARY = "libc++";
				CLANG_ENABLE_OBJC_ARC = YES;
				CLANG_WARN_BOOL_CONVERSION = YES;
				CLANG_WARN_CONSTANT_CONVERSION = YES;
				CLANG_WARN_DIRECT_OBJC_ISA_USAGE = YES_ERROR;
				CLANG_WARN_EMPTY_BODY = YES;
				CLANG_WARN_ENUM_CONVERSION = YES;
				CLANG_WARN_INT_CONVERSION = YES;
				CLANG_WARN_OBJC_ROOT_CLASS = YES_ERROR;
				CLANG_WARN__DUPLICATE_METHOD_MATCH = YES;
				COPY_PHASE_STRIP = YES;
				DEBUG_INFORMATION_FORMAT = "dwarf-with-dsym";
				ENABLE_NS_ASSERTIONS = NO;
				GCC_C_LANGUAGE_STANDARD = gnu99;
				GCC_ENABLE_OBJC_EXCEPTIONS = YES;
				GCC_WARN_64_TO_32_BIT_CONVERSION = YES;
				GCC_WARN_ABOUT_RETURN_TYPE = YES_ERROR;
				GCC_WARN_UNDECLARED_SELECTOR = YES;
				GCC_WARN_UNINITIALIZED_AUTOS = YES;
				GCC_WARN_UNUSED_FUNCTION = YES;
				GCC_WARN_UNUSED_VARIABLE = YES;
				MACOSX_DEPLOYMENT_TARGET = 10.9;
				SDKROOT = macosx;
			};
			name = Release;
		};
		27BDE376187211BF00FAF408 /* Debug */ = {
			isa = XCBuildConfiguration;
			buildSettings = {
				DEPLOYMENT_LOCATION = YES;
				DSTROOT = /;
				GCC_PRECOMPILE_PREFIX_HEADER = YES;
				GCC_PREFIX_HEADER = "NewProjectTool/NewProjectTool-Prefix.pch";
				INSTALL_PATH = "$(PROJECT_DIR)";
				PRODUCT_NAME = NewProject;
			};
			name = Debug;
		};
		27BDE377187211BF00FAF408 /* Release */ = {
			isa = XCBuildConfiguration;
			buildSettings = {
				DEPLOYMENT_LOCATION = YES;
				DSTROOT = /;
				GCC_PRECOMPILE_PREFIX_HEADER = YES;
				GCC_PREFIX_HEADER = "NewProjectTool/NewProjectTool-Prefix.pch";
				INSTALL_PATH = "$(PROJECT_DIR)";
				PRODUCT_NAME = NewProject;
			};
			name = Release;
		};
/* End XCBuildConfiguration section */

/* Begin XCConfigurationList section */
		27BDE362187211BF00FAF408 /* Build configuration list for PBXProject "NewProjectTool" */ = {
			isa = XCConfigurationList;
			buildConfigurations = (
				27BDE373187211BF00FAF408 /* Debug */,
				27BDE374187211BF00FAF408 /* Release */,
			);
			defaultConfigurationIsVisible = 0;
			defaultConfigurationName = Release;
		};
		27BDE375187211BF00FAF408 /* Build configuration list for PBXNativeTarget "NewProjectTool" */ = {
			isa = XCConfigurationList;
			buildConfigurations = (
				27BDE376187211BF00FAF408 /* Debug */,
				27BDE377187211BF00FAF408 /* Release */,
			);
			defaultConfigurationIsVisible = 0;
			defaultConfigurationName = Release;
		};
/* End XCConfigurationList section */
	};
	rootObject = 27BDE35F187211BF00FAF408 /* Project object */;
}
